
Microsoft Visual Studio Solution File, Format Version 12.00
# Visual Studio Version 16
VisualStudioVersion = 25.0.1706.0
MinimumVisualStudioVersion = 10.0.40219.1
Project("{FAE04EC0-301F-11D3-BF4B-00C04F79EFBC}") = "add-array-intergers", "add-array-intergers\add-array-intergers.csproj", "{104D9C9D-A53F-4826-8EC4-337227E448F0}"
EndProject
Global
	GlobalSection(SolutionConfigurationPlatforms) = preSolution
		Debug|Any CPU = Debug|Any CPU
		Release|Any CPU = Release|Any CPU
	EndGlobalSection
	GlobalSection(ProjectConfigurationPlatforms) = postSolution
		{104D9C9D-A53F-4826-8EC4-337227E448F0}.Debug|Any CPU.ActiveCfg = Debug|Any CPU
		{104D9C9D-A53F-4826-8EC4-337227E448F0}.Debug|Any CPU.Build.0 = Debug|Any CPU
		{104D9C9D-A53F-4826-8EC4-337227E448F0}.Release|Any CPU.ActiveCfg = Release|Any CPU
		{104D9C9D-A53F-4826-8EC4-337227E448F0}.Release|Any CPU.Build.0 = Release|Any CPU
	EndGlobalSection
	GlobalSection(SolutionProperties) = preSolution
		HideSolutionNode = FALSE
	EndGlobalSection
	GlobalSection(ExtensibilityGlobals) = postSolution
		SolutionGuid = {AD442513-F442-4085-9018-A1211D7BE102}
	EndGlobalSection
EndGlobal
